{
  "requires": true,
  "lockfileVersion": 1,
  "dependencies": {
    "masonryan": {
      "version": "1.0.0",
      "resolved": "https://registry.npmjs.org/masonryan/-/masonryan-1.0.0.tgz",
      "integrity": "sha512-YqgINsoi97piyjQW4YJI9w/E3fCEsozAwh+zPgEUViT7fa11ai/TtvP2WF1IJdEUn6N1lil2A851klUgx44DYw=="
    }
  }
}
